
Microsoft Visual Studio Solution File, Format Version 12.00
# Visual Studio Version 16
VisualStudioVersion = 16.0.29519.181
MinimumVisualStudioVersion = 10.0.40219.1
Project("{FAE04EC0-301F-11D3-BF4B-00C04F79EFBC}") = "CardioLibrary", "CardioLibrary\CardioLibrary.csproj", "{574A2293-0004-4CDA-9794-3E93410B13EA}"
EndProject
Project("{FAE04EC0-301F-11D3-BF4B-00C04F79EFBC}") = "DataCardio_Test", "DataCardio_Test\DataCardio_Test.csproj", "{6C477C3D-5FDD-466D-BAC9-A3863CAE2B3B}"
EndProject
Global
	GlobalSection(SolutionConfigurationPlatforms) = preSolution
		Debug|Any CPU = Debug|Any CPU
		Release|Any CPU = Release|Any CPU
	EndGlobalSection
	GlobalSection(ProjectConfigurationPlatforms) = postSolution
		{574A2293-0004-4CDA-9794-3E93410B13EA}.Debug|Any CPU.ActiveCfg = Debug|Any CPU
		{574A2293-0004-4CDA-9794-3E93410B13EA}.Debug|Any CPU.Build.0 = Debug|Any CPU
		{574A2293-0004-4CDA-9794-3E93410B13EA}.Release|Any CPU.ActiveCfg = Release|Any CPU
		{574A2293-0004-4CDA-9794-3E93410B13EA}.Release|Any CPU.Build.0 = Release|Any CPU
		{6C477C3D-5FDD-466D-BAC9-A3863CAE2B3B}.Debug|Any CPU.ActiveCfg = Debug|Any CPU
		{6C477C3D-5FDD-466D-BAC9-A3863CAE2B3B}.Debug|Any CPU.Build.0 = Debug|Any CPU
		{6C477C3D-5FDD-466D-BAC9-A3863CAE2B3B}.Release|Any CPU.ActiveCfg = Release|Any CPU
		{6C477C3D-5FDD-466D-BAC9-A3863CAE2B3B}.Release|Any CPU.Build.0 = Release|Any CPU
	EndGlobalSection
	GlobalSection(SolutionProperties) = preSolution
		HideSolutionNode = FALSE
	EndGlobalSection
	GlobalSection(ExtensibilityGlobals) = postSolution
		SolutionGuid = {DFA133E7-A506-42FA-AE0A-83DBDB24E8EC}
	EndGlobalSection
EndGlobal
